
Microsoft Visual Studio Solution File, Format Version 12.00
# Visual Studio Version 16
VisualStudioVersion = 16.0.31229.75
MinimumVisualStudioVersion = 10.0.40219.1
Project("{9A19103F-16F7-4668-BE54-9A1E7A4F7556}") = "FFM_WIFI", "FFM_WIFI\FFM_WIFI.csproj", "{42712D17-9173-4B8E-8A95-FE183F8446C9}"
EndProject
Project("{9A19103F-16F7-4668-BE54-9A1E7A4F7556}") = "DatabaseTesting", "DatabaseTesting\DatabaseTesting.csproj", "{A6AAFEE2-1194-432A-897C-0DB3C1B719E3}"
EndProject
Project("{FAE04EC0-301F-11D3-BF4B-00C04F79EFBC}") = "DragDropTest", "DragDropTest\DragDropTest.csproj", "{09256828-F849-47AF-9930-C729F50CBA67}"
EndProject
Global
	GlobalSection(SolutionConfigurationPlatforms) = preSolution
		Debug|Any CPU = Debug|Any CPU
		Release|Any CPU = Release|Any CPU
	EndGlobalSection
	GlobalSection(ProjectConfigurationPlatforms) = postSolution
		{42712D17-9173-4B8E-8A95-FE183F8446C9}.Debug|Any CPU.ActiveCfg = Debug|Any CPU
		{42712D17-9173-4B8E-8A95-FE183F8446C9}.Debug|Any CPU.Build.0 = Debug|Any CPU
		{42712D17-9173-4B8E-8A95-FE183F8446C9}.Release|Any CPU.ActiveCfg = Release|Any CPU
		{42712D17-9173-4B8E-8A95-FE183F8446C9}.Release|Any CPU.Build.0 = Release|Any CPU
		{A6AAFEE2-1194-432A-897C-0DB3C1B719E3}.Debug|Any CPU.ActiveCfg = Debug|Any CPU
		{A6AAFEE2-1194-432A-897C-0DB3C1B719E3}.Debug|Any CPU.Build.0 = Debug|Any CPU
		{A6AAFEE2-1194-432A-897C-0DB3C1B719E3}.Release|Any CPU.ActiveCfg = Release|Any CPU
		{A6AAFEE2-1194-432A-897C-0DB3C1B719E3}.Release|Any CPU.Build.0 = Release|Any CPU
		{09256828-F849-47AF-9930-C729F50CBA67}.Debug|Any CPU.ActiveCfg = Debug|Any CPU
		{09256828-F849-47AF-9930-C729F50CBA67}.Debug|Any CPU.Build.0 = Debug|Any CPU
		{09256828-F849-47AF-9930-C729F50CBA67}.Release|Any CPU.ActiveCfg = Release|Any CPU
		{09256828-F849-47AF-9930-C729F50CBA67}.Release|Any CPU.Build.0 = Release|Any CPU
	EndGlobalSection
	GlobalSection(SolutionProperties) = preSolution
		HideSolutionNode = FALSE
	EndGlobalSection
	GlobalSection(ExtensibilityGlobals) = postSolution
		SolutionGuid = {07AE2FED-6FC8-4DC1-A4E4-1D41F28A5D17}
	EndGlobalSection
EndGlobal
